
Microsoft Visual Studio Solution File, Format Version 12.00
# Visual Studio 15
VisualStudioVersion = 15.0.27703.2018
MinimumVisualStudioVersion = 10.0.40219.1
Project("{FAE04EC0-301F-11D3-BF4B-00C04F79EFBC}") = "WebApi1", "WebApi1.csproj", "{F628CF8E-83EF-4953-838E-4CEC52343BAB}"
EndProject
Global
	GlobalSection(SolutionConfigurationPlatforms) = preSolution
		Debug|Any CPU = Debug|Any CPU
		Release|Any CPU = Release|Any CPU
	EndGlobalSection
	GlobalSection(ProjectConfigurationPlatforms) = postSolution
		{F628CF8E-83EF-4953-838E-4CEC52343BAB}.Debug|Any CPU.ActiveCfg = Debug|Any CPU
		{F628CF8E-83EF-4953-838E-4CEC52343BAB}.Debug|Any CPU.Build.0 = Debug|Any CPU
		{F628CF8E-83EF-4953-838E-4CEC52343BAB}.Release|Any CPU.ActiveCfg = Release|Any CPU
		{F628CF8E-83EF-4953-838E-4CEC52343BAB}.Release|Any CPU.Build.0 = Release|Any CPU
	EndGlobalSection
	GlobalSection(SolutionProperties) = preSolution
		HideSolutionNode = FALSE
	EndGlobalSection
	GlobalSection(ExtensibilityGlobals) = postSolution
		SolutionGuid = {F1DE2F17-996B-49D8-A829-C98C71144A30}
	EndGlobalSection
EndGlobal
